
Microsoft Visual Studio Solution File, Format Version 12.00
# Visual Studio Version 17
VisualStudioVersion = 17.5.33424.131
MinimumVisualStudioVersion = 10.0.40219.1
Project("{9A19103F-16F7-4668-BE54-9A1E7A4F7556}") = "Game-Server", "Game-Server\Game-Server.csproj", "{72ABA4D4-2F28-4E64-B9D5-7CB9EAED465E}"
EndProject
Project("{9A19103F-16F7-4668-BE54-9A1E7A4F7556}") = "Common", "Common\Common.csproj", "{B5E35DDF-BE76-45C4-8B43-ACD2A8E334A6}"
EndProject
Project("{FAE04EC0-301F-11D3-BF4B-00C04F79EFBC}") = "NetClient", "NetClient\NetClient.csproj", "{01DA59BA-9F33-42D3-90A1-11581C148109}"
	ProjectSection(ProjectDependencies) = postProject
		{B5E35DDF-BE76-45C4-8B43-ACD2A8E334A6} = {B5E35DDF-BE76-45C4-8B43-ACD2A8E334A6}
	EndProjectSection
EndProject
Global
	GlobalSection(SolutionConfigurationPlatforms) = preSolution
		Debug|Any CPU = Debug|Any CPU
		Release|Any CPU = Release|Any CPU
	EndGlobalSection
	GlobalSection(ProjectConfigurationPlatforms) = postSolution
		{72ABA4D4-2F28-4E64-B9D5-7CB9EAED465E}.Debug|Any CPU.ActiveCfg = Debug|Any CPU
		{72ABA4D4-2F28-4E64-B9D5-7CB9EAED465E}.Debug|Any CPU.Build.0 = Debug|Any CPU
		{72ABA4D4-2F28-4E64-B9D5-7CB9EAED465E}.Release|Any CPU.ActiveCfg = Release|Any CPU
		{72ABA4D4-2F28-4E64-B9D5-7CB9EAED465E}.Release|Any CPU.Build.0 = Release|Any CPU
		{B5E35DDF-BE76-45C4-8B43-ACD2A8E334A6}.Debug|Any CPU.ActiveCfg = Debug|Any CPU
		{B5E35DDF-BE76-45C4-8B43-ACD2A8E334A6}.Debug|Any CPU.Build.0 = Debug|Any CPU
		{B5E35DDF-BE76-45C4-8B43-ACD2A8E334A6}.Release|Any CPU.ActiveCfg = Release|Any CPU
		{B5E35DDF-BE76-45C4-8B43-ACD2A8E334A6}.Release|Any CPU.Build.0 = Release|Any CPU
		{01DA59BA-9F33-42D3-90A1-11581C148109}.Debug|Any CPU.ActiveCfg = Debug|Any CPU
		{01DA59BA-9F33-42D3-90A1-11581C148109}.Debug|Any CPU.Build.0 = Debug|Any CPU
		{01DA59BA-9F33-42D3-90A1-11581C148109}.Release|Any CPU.ActiveCfg = Release|Any CPU
		{01DA59BA-9F33-42D3-90A1-11581C148109}.Release|Any CPU.Build.0 = Release|Any CPU
	EndGlobalSection
	GlobalSection(SolutionProperties) = preSolution
		HideSolutionNode = FALSE
	EndGlobalSection
	GlobalSection(ExtensibilityGlobals) = postSolution
		SolutionGuid = {3DC1ED60-AEB8-45D6-8A61-04CD17243C08}
	EndGlobalSection
EndGlobal
